
Microsoft Visual Studio Solution File, Format Version 12.00
# Visual Studio Version 17
VisualStudioVersion = 17.5.33516.290
MinimumVisualStudioVersion = 10.0.40219.1
Project("{FAE04EC0-301F-11D3-BF4B-00C04F79EFBC}") = "ElevatorChallange", "ElevatorChallange\ElevatorChallange.csproj", "{AC7741A9-1ABA-4A16-85BF-956BA208F0E6}"
EndProject
Global
	GlobalSection(SolutionConfigurationPlatforms) = preSolution
		Debug|Any CPU = Debug|Any CPU
		Release|Any CPU = Release|Any CPU
	EndGlobalSection
	GlobalSection(ProjectConfigurationPlatforms) = postSolution
		{AC7741A9-1ABA-4A16-85BF-956BA208F0E6}.Debug|Any CPU.ActiveCfg = Debug|Any CPU
		{AC7741A9-1ABA-4A16-85BF-956BA208F0E6}.Debug|Any CPU.Build.0 = Debug|Any CPU
		{AC7741A9-1ABA-4A16-85BF-956BA208F0E6}.Release|Any CPU.ActiveCfg = Release|Any CPU
		{AC7741A9-1ABA-4A16-85BF-956BA208F0E6}.Release|Any CPU.Build.0 = Release|Any CPU
	EndGlobalSection
	GlobalSection(SolutionProperties) = preSolution
		HideSolutionNode = FALSE
	EndGlobalSection
	GlobalSection(ExtensibilityGlobals) = postSolution
		SolutionGuid = {BA5227A5-3B12-4E74-9DF0-F7E3E429E869}
	EndGlobalSection
EndGlobal
